{
    "_meta": {
        "hash": {
            "sha256": "fadb979c1a9787feaacda20552710e08d481f5a2efd70c5a2a4386f638db618d"
        },
        "pipfile-spec": 6,
        "requires": {
            "python_version": "3.11"
        },
        "sources": [
            {
                "name": "pypi",
                "url": "https://pypi.org/simple",
                "verify_ssl": true
            }
        ]
    },
    "default": {
        "pysqlite3": {
            "hashes": [
                "sha256:0352864898aa406beb762f4a620594c950a9a4430caab679bce574065698c8ac"
            ],
            "index": "pypi",
            "version": "==0.4.7"
        }
    },
    "develop": {}
}
